
Microsoft Visual Studio Solution File, Format Version 12.00
# Visual Studio Version 17
VisualStudioVersion = 17.14.36603.0 d17.14
MinimumVisualStudioVersion = 10.0.40219.1
Project("{FAE04EC0-301F-11D3-BF4B-00C04F79EFBC}") = "Shapes", "Shapes\Shapes.csproj", "{B31204C4-E5F5-4991-994B-F37BD50BD305}"
EndProject
Global
	GlobalSection(SolutionConfigurationPlatforms) = preSolution
		Debug|Any CPU = Debug|Any CPU
		Release|Any CPU = Release|Any CPU
	EndGlobalSection
	GlobalSection(ProjectConfigurationPlatforms) = postSolution
		{B31204C4-E5F5-4991-994B-F37BD50BD305}.Debug|Any CPU.ActiveCfg = Debug|Any CPU
		{B31204C4-E5F5-4991-994B-F37BD50BD305}.Debug|Any CPU.Build.0 = Debug|Any CPU
		{B31204C4-E5F5-4991-994B-F37BD50BD305}.Release|Any CPU.ActiveCfg = Release|Any CPU
		{B31204C4-E5F5-4991-994B-F37BD50BD305}.Release|Any CPU.Build.0 = Release|Any CPU
	EndGlobalSection
	GlobalSection(SolutionProperties) = preSolution
		HideSolutionNode = FALSE
	EndGlobalSection
	GlobalSection(ExtensibilityGlobals) = postSolution
		SolutionGuid = {520B26EF-726E-43BE-8993-0F0CC374EA4E}
	EndGlobalSection
EndGlobal
